github.com/veandco/go-sdl2 v0.4.40 h1:fZv6wC3zz1Xt167P09gazawnpa0KY5LM7JAvKpX9d/U=
github.com/veandco/go-sdl2 v0.4.40/go.mod h1:OROqMhHD43nT4/i9crJukyVecjPNYYuCofep6SNiAjY=
github.com/veandco/go-sdl2 v0.5.0-alpha.6.0.20240902114001-f9a623944236 h1:z5T+aESBNLd9CPZhTyAPijRP19raRbrfqa4ceFkJV4s=
github.com/veandco/go-sdl2 v0.5.0-alpha.6.0.20240902114001-f9a623944236/go.mod h1:OROqMhHD43nT4/i9crJukyVecjPNYYuCofep6SNiAjY=
